github.com/gorilla/mux v1.7.3 h1:gnP5JzjVOuiZD07fKKToCAOjS0yOpj/qPETTXCCS6hw=
github.com/gorilla/mux v1.7.3/go.mod h1:1lud6UwP+6orDFRuTfBEV8e9/aOM/c4fVVCaMa2zaAs=
github.com/ljpx/di v0.0.2 h1:6a2nDs25m5oUkkLdwCZwKeZfflgnejAihu88j4nfpCU=
github.com/ljpx/di v0.0.2/go.mod h1:qYAzMgjeIkZoxiyyWl0xjn9ynVEkMfANo1ZAp169Llg=
github.com/ljpx/id v0.0.2 h1:4J0FML8GRMjouR8CZSBqcvCW7xfmqYz8UdjPQoIdT+8=
github.com/ljpx/id v0.0.2/go.mod h1:nw6pGBbGAMPp1VIOWRxvKy9xsvuyMUoUHDtcRNZIv0g=
github.com/ljpx/problem v0.0.2 h1:9hbo6pC5XJemxoL0W+wUo6UYsNK2iui85lN2qsiscG4=
github.com/ljpx/problem v0.0.2/go.mod h1:UZNQMSo1NOp394bc1LYwB8SEuBbTpLDEf3JP15rJJ+o=
github.com/ljpx/test v0.0.3 h1:8dF9WXZJqINmO0VruO6SwT6XeOynLMfTBg3G6jYTTyg=
github.com/ljpx/test v0.0.3/go.mod h1:5/m8MhiPRPC9iRtUtmc1MCvZYT2FOvu17iyu/pBWt24=
github.com/mattn/go-sqlite3 v2.0.1+incompatible/go.mod h1:FPy6KqzDD04eiIsT53CuJW3U88zkxoIYsOqkbpncsNc=
